{
    "name": "remote-smart-trackpad",
    "version": "0.1.0",
    "lockfileVersion": 3,
    "requires": true,
    "packages": {
        "": {
            "name": "remote-smart-trackpad",
            "version": "0.1.0",
            "dependencies": {
                "lucide": "1.48.0",
                "multicast-dns": "7.2.5"
            },
            "devDependencies": {
                "@resvg/resvg-js": "2.6.2",
                "@xeonlink/prettier-plugin-organize-attributes": "^1.1.0",
                "esbuild": "0.28.2",
                "prettier": "^3.8.1",
                "prettier-plugin-css-order": "^2.2.0",
                "prettier-plugin-multiline-arrays": "^4.1.4"
            },
            "engines": {
                "node": ">=20"
            }
        },
        "node_modules/@augment-vir/assert": {
            "version": "32.5.0",
            "resolved": "https://registry.npmjs.org/@augment-vir/assert/-/assert-32.5.0.tgz",
            "integrity": "sha512-lIiqlZVNvOguXMhh6tSTsDK9x8Ir1vSdrMunw55PThNACckmEIw+Wp3ClUR0BkaT/9zv6ncaCHRYNi8OFyrhPg==",
            "dev": true,
            "license": "(MIT OR CC0-1.0)",
            "dependencies": {
                "@augment-vir/core": "^32.5.0",
                "@date-vir/duration": "^9.2.0",
                "deep-eql": "^5.0.2",
                "expect-type": "^1.4.0"
            },
            "engines": {
                "node": ">=22"
            }
        },
        "node_modules/@augment-vir/common": {
            "version": "32.5.0",
            "resolved": "https://registry.npmjs.org/@augment-vir/common/-/common-32.5.0.tgz",
            "integrity": "sha512-U5RG3b2OgFMCutqiuXJNF9EnewjAYnmypl37SeSyGLCIzJKCGrNgpbuwLvQOVM15M6KQa78x1WACZbIt2hP2lA==",
            "dev": true,
            "license": "(MIT OR CC0-1.0)",
            "dependencies": {
                "@augment-vir/assert": "^32.5.0",
                "@augment-vir/core": "^32.5.0",
                "@date-vir/duration": "^9.2.0",
                "@paralleldrive/cuid2": "^3.3.0",
                "ansi-styles": "^7.0.0",
                "deepcopy-esm": "^2.1.2",
                "json5": "^2.2.3",
                "typed-event-target": "^4.3.4"
            },
            "engines": {
                "node": ">=22"
            }
        },
        "node_modules/@augment-vir/core": {
            "version": "32.5.0",
            "resolved": "https://registry.npmjs.org/@augment-vir/core/-/core-32.5.0.tgz",
            "integrity": "sha512-dIwb2rOpCwZDxW6P7YJc9ZCOAKfGeqw5+kgoJQWVId/usAg2YSuCVZ+b5tgDd2RcGwDBXSfJwn/8yhwGpbhoMA==",
            "dev": true,
            "license": "(MIT OR CC0-1.0)",
            "dependencies": {
                "@date-vir/duration": "^9.2.0",
                "browser-or-node": "^3.0.0",
                "diff": "^9.0.0",
                "json5": "^2.2.3"
            },
            "engines": {
                "node": ">=22"
            }
        },
        "node_modules/@date-vir/duration": {
            "version": "9.2.1",
            "resolved": "https://registry.npmjs.org/@date-vir/duration/-/duration-9.2.1.tgz",
            "integrity": "sha512-n/ytGIA6LYyVlNX2gxiRgOMpEtCAKlzsjox5n0beBmhy75pJkP/MGCxOKO6vJ8X9qrDW0N3s+jTUB/Ll7+sDoQ==",
            "dev": true,
            "license": "(MIT OR CC0-1.0)",
            "dependencies": {
                "@augment-vir/assert": "^32.5.0",
                "@types/luxon": "^3.7.5",
                "luxon": "^3.7.2",
                "type-fest": "^5.10.0"
            },
            "engines": {
                "node": ">=22"
            }
        },
        "node_modules/@esbuild/aix-ppc64": {
            "version": "0.28.2",
            "resolved": "https://registry.npmjs.org/@esbuild/aix-ppc64/-/aix-ppc64-0.28.2.tgz",
            "integrity": "sha512-XExcO+dvLKvVtNTibSTBej1NCAbaGhWn9Ww1ZPx80qsahhPFe/8jgWP0IchNe0F3HwkU7n8ejhH8bjonqht8mQ==",
            "cpu": [
                "ppc64"
            ],
            "dev": true,
            "license": "MIT",
            "optional": true,
            "os": [
                "aix"
            ],
            "engines": {
                "node": ">=18"
            }
        },
        "node_modules/@esbuild/android-arm": {
            "version": "0.28.2",
            "resolved": "https://registry.npmjs.org/@esbuild/android-arm/-/android-arm-0.28.2.tgz",
            "integrity": "sha512-kXXoiPVVGQcnIYGOeaovwOURpniDBpSq4A03qkQ+BMQqtGG6HYap3xne9C1O1yo4TR3qxlCX5IqqmX6fFo2Lqg==",
            "cpu": [
                "arm"
            ],
            "dev": true,
            "license": "MIT",
            "optional": true,
            "os": [
                "android"
            ],
            "engines": {
                "node": ">=18"
            }
        },
        "node_modules/@esbuild/android-arm64": {
            "version": "0.28.2",
            "resolved": "https://registry.npmjs.org/@esbuild/android-arm64/-/android-arm64-0.28.2.tgz",
            "integrity": "sha512-5YfKeeI8qWfBZIX+u2xZC3Zlb3Os/gLS2sbEKM+I4ZOcsWmHS2WLysCcQZDAFRslDUU5Oiq44gf6PYN1vGwG5A==",
            "cpu": [
                "arm64"
            ],
            "dev": true,
            "license": "MIT",
            "optional": true,
            "os": [
                "android"
            ],
            "engines": {
                "node": ">=18"
            }
        },
        "node_modules/@esbuild/android-x64": {
            "version": "0.28.2",
            "resolved": "https://registry.npmjs.org/@esbuild/android-x64/-/android-x64-0.28.2.tgz",
            "integrity": "sha512-O387ite7SzUyCcy3JQX4P4bLtEA7bLLkx+esve5JHnyYfNTxcVpXZo9jhdB0lTKN44gztELTdU7nS8Nr16Fs1Q==",
            "cpu": [
                "x64"
            ],
            "dev": true,
            "license": "MIT",
            "optional": true,
            "os": [
                "android"
            ],
            "engines": {
                "node": ">=18"
            }
        },
        "node_modules/@esbuild/darwin-arm64": {
            "version": "0.28.2",
            "resolved": "https://registry.npmjs.org/@esbuild/darwin-arm64/-/darwin-arm64-0.28.2.tgz",
            "integrity": "sha512-n4KqkOQrraxHJcgjM1RvwbigfQKIKJVpM7xp+KsxiyUSrRdIXnt73VhrPAx0fV44hgfmIVKjxMN9J1t5jySVkw==",
            "cpu": [
                "arm64"
            ],
            "dev": true,
            "license": "MIT",
            "optional": true,
            "os": [
                "darwin"
            ],
            "engines": {
                "node": ">=18"
            }
        },
        "node_modules/@esbuild/darwin-x64": {
            "version": "0.28.2",
            "resolved": "https://registry.npmjs.org/@esbuild/darwin-x64/-/darwin-x64-0.28.2.tgz",
            "integrity": "sha512-uq6suIWYP37qzGddBKPw5QEQPi6HiLGsO7UmkpfyaYNQ3D+rN6w6WfwH+nuqcGXWvawGwxOEroO4YGnFh95azw==",
            "cpu": [
                "x64"
            ],
            "dev": true,
            "license": "MIT",
            "optional": true,
            "os": [
                "darwin"
            ],
            "engines": {
                "node": ">=18"
            }
        },
        "node_modules/@esbuild/freebsd-arm64": {
            "version": "0.28.2",
            "resolved": "https://registry.npmjs.org/@esbuild/freebsd-arm64/-/freebsd-arm64-0.28.2.tgz",
            "integrity": "sha512-n+I0BTSRIoy+d6RPKnEVwql5UwBJolytvY4mAOIEJorKlqgPII8ix6slVVrfZ5Tnj7glIZvloylbB/EJPMWEXw==",
            "cpu": [
                "arm64"
            ],
            "dev": true,
            "license": "MIT",
            "optional": true,
            "os": [
                "freebsd"
            ],
            "engines": {
                "node": ">=18"
            }
        },
        "node_modules/@esbuild/freebsd-x64": {
            "version": "0.28.2",
            "resolved": "https://registry.npmjs.org/@esbuild/freebsd-x64/-/freebsd-x64-0.28.2.tgz",
            "integrity": "sha512-78XJTJkvPs0kz2w61301PJjXl4g7q3JqiYMZ/M/yVI73EHBrCRTgkhu9oqG7vPqq+a/yadEW8aD+agKlk5xrmg==",
            "cpu": [
                "x64"
            ],
            "dev": true,
            "license": "MIT",
            "optional": true,
            "os": [
                "freebsd"
            ],
            "engines": {
                "node": ">=18"
            }
        },
        "node_modules/@esbuild/linux-arm": {
            "version": "0.28.2",
            "resolved": "https://registry.npmjs.org/@esbuild/linux-arm/-/linux-arm-0.28.2.tgz",
            "integrity": "sha512-XlDnu2q5yoqems+xay6wSAcg9DDD7K9RLKZEBOMZm3ckNpJBvOX20tSfby8KfrrhINDyv9V2YVZKY/SpoGJI8w==",
            "cpu": [
                "arm"
            ],
            "dev": true,
            "license": "MIT",
            "optional": true,
            "os": [
                "linux"
            ],
            "engines": {
                "node": ">=18"
            }
        },
        "node_modules/@esbuild/linux-arm64": {
            "version": "0.28.2",
            "resolved": "https://registry.npmjs.org/@esbuild/linux-arm64/-/linux-arm64-0.28.2.tgz",
            "integrity": "sha512-pW4AC0P3it8c7do9MVM4p51FzHzdM/TZrerurgRcHJ2WTa1VQ1CIq18xncfpBJw4ojkiZZrKW2yIBWBP92j6Ug==",
            "cpu": [
                "arm64"
            ],
            "dev": true,
            "license": "MIT",
            "optional": true,
            "os": [
                "linux"
            ],
            "engines": {
                "node": ">=18"
            }
        },
        "node_modules/@esbuild/linux-ia32": {
            "version": "0.28.2",
            "resolved": "https://registry.npmjs.org/@esbuild/linux-ia32/-/linux-ia32-0.28.2.tgz",
            "integrity": "sha512-CYbnj78HsIeA+DhgUKgFCfvNsTHFhMMrinUrMZpDXJXKN8T3XViTZ/+wtHeVxEWY8ewSzTFN+nRmSwO2tZaLUQ==",
            "cpu": [
                "ia32"
            ],
            "dev": true,
            "license": "MIT",
            "optional": true,
            "os": [
                "linux"
            ],
            "engines": {
                "node": ">=18"
            }
        },
        "node_modules/@esbuild/linux-loong64": {
            "version": "0.28.2",
            "resolved": "https://registry.npmjs.org/@esbuild/linux-loong64/-/linux-loong64-0.28.2.tgz",
            "integrity": "sha512-buwkd8nsph4R+ajRvw0qM5Hja/TXQow3ptzWO2EbG/cqcIkHloRrdlBtQlshyYGTNFvfkfJ5tpPLVkY4DtsPfQ==",
            "cpu": [
                "loong64"
            ],
            "dev": true,
            "license": "MIT",
            "optional": true,
            "os": [
                "linux"
            ],
            "engines": {
                "node": ">=18"
            }
        },
        "node_modules/@esbuild/linux-mips64el": {
            "version": "0.28.2",
            "resolved": "https://registry.npmjs.org/@esbuild/linux-mips64el/-/linux-mips64el-0.28.2.tgz",
            "integrity": "sha512-ZVykbDyk7519VwiNb9Lcj9m8XM6v5V9uKPvrEMkkEedVewf+0itkhahp4HDpgERXhwLRpWFypsGbG/J8s0QjJA==",
            "cpu": [
                "mips64el"
            ],
            "dev": true,
            "license": "MIT",
            "optional": true,
            "os": [
                "linux"
            ],
            "engines": {
                "node": ">=18"
            }
        },
        "node_modules/@esbuild/linux-ppc64": {
            "version": "0.28.2",
            "resolved": "https://registry.npmjs.org/@esbuild/linux-ppc64/-/linux-ppc64-0.28.2.tgz",
            "integrity": "sha512-CAXl+Dtd9UUuJd8pKKdwh6MLm3MUMiqMPmhZ3tTSXPqfyQ3vDl6R5hZdZ/kYojK4ofXtdfSv1tFq8XzWx3heNQ==",
            "cpu": [
                "ppc64"
            ],
            "dev": true,
            "license": "MIT",
            "optional": true,
            "os": [
                "linux"
            ],
            "engines": {
                "node": ">=18"
            }
        },
        "node_modules/@esbuild/linux-riscv64": {
            "version": "0.28.2",
            "resolved": "https://registry.npmjs.org/@esbuild/linux-riscv64/-/linux-riscv64-0.28.2.tgz",
            "integrity": "sha512-GeXCej4IQtU1B+QlDV8W/RRvbzI3O/Stss+/bCXv4lZls5WGRtu2a+3JkA3i4qIUlMXpcHebWpF8AkJhATowuA==",
            "cpu": [
                "riscv64"
            ],
            "dev": true,
            "license": "MIT",
            "optional": true,
            "os": [
                "linux"
            ],
            "engines": {
                "node": ">=18"
            }
        },
        "node_modules/@esbuild/linux-s390x": {
            "version": "0.28.2",
            "resolved": "https://registry.npmjs.org/@esbuild/linux-s390x/-/linux-s390x-0.28.2.tgz",
            "integrity": "sha512-3H1weTYZPxt/WOhByszQZybS9w5lKzUn1FDMsgEChbHWQwHYQQRfBxgCcZvPhjHfKyJjIievvMmEUawJrdY9Dg==",
            "cpu": [
                "s390x"
            ],
            "dev": true,
            "license": "MIT",
            "optional": true,
            "os": [
                "linux"
            ],
            "engines": {
                "node": ">=18"
            }
        },
        "node_modules/@esbuild/linux-x64": {
            "version": "0.28.2",
            "resolved": "https://registry.npmjs.org/@esbuild/linux-x64/-/linux-x64-0.28.2.tgz",
            "integrity": "sha512-4xTZr1FUmSoQW4XIWmit3tzQrUTZM+N3P0XV8xROKYF50XfI7xeO90+1bZvNwxIufQ9hDQVRJH5YhgPVF8A/HQ==",
            "cpu": [
                "x64"
            ],
            "dev": true,
            "license": "MIT",
            "optional": true,
            "os": [
                "linux"
            ],
            "engines": {
                "node": ">=18"
            }
        },
        "node_modules/@esbuild/netbsd-arm64": {
            "version": "0.28.2",
            "resolved": "https://registry.npmjs.org/@esbuild/netbsd-arm64/-/netbsd-arm64-0.28.2.tgz",
            "integrity": "sha512-sSATRjPeDBg3pdgHoQfoYBob11Kk1FGa9lui5RIHZCoCkJa9QKlvl3/vKz2usCmYYjs7ymJR/2Nnsqe+Hjt5nw==",
            "cpu": [
                "arm64"
            ],
            "dev": true,
            "license": "MIT",
            "optional": true,
            "os": [
                "netbsd"
            ],
            "engines": {
                "node": ">=18"
            }
        },
        "node_modules/@esbuild/netbsd-x64": {
            "version": "0.28.2",
            "resolved": "https://registry.npmjs.org/@esbuild/netbsd-x64/-/netbsd-x64-0.28.2.tgz",
            "integrity": "sha512-lqnzCV+mM0gIADaKihiCg6ifgfU2L3h5E33rNQBN1Y4MaVGnzryzmvvf7UHxprpQdE8hpqLolJ9Rl+SkIRDpyw==",
            "cpu": [
                "x64"
            ],
            "dev": true,
            "license": "MIT",
            "optional": true,
            "os": [
                "netbsd"
            ],
            "engines": {
                "node": ">=18"
            }
        },
        "node_modules/@esbuild/openbsd-arm64": {
            "version": "0.28.2",
            "resolved": "https://registry.npmjs.org/@esbuild/openbsd-arm64/-/openbsd-arm64-0.28.2.tgz",
            "integrity": "sha512-AL2qJILH7lNjrDmCQDvdxMfAUIv8KMNZOvrwAQ8i8//ntL9FflhOyMJ8OZSMBb8/AWXe3/5v5S20y3zCoZWKoQ==",
            "cpu": [
                "arm64"
            ],
            "dev": true,
            "license": "MIT",
            "optional": true,
            "os": [
                "openbsd"
            ],
            "engines": {
                "node": ">=18"
            }
        },
        "node_modules/@esbuild/openbsd-x64": {
            "version": "0.28.2",
            "resolved": "https://registry.npmjs.org/@esbuild/openbsd-x64/-/openbsd-x64-0.28.2.tgz",
            "integrity": "sha512-QtiuPytchRyC4rwUKhexJdQKvDuZ6hWloi3igqPQNUJCS1/v9EiO3UTOXR6A3FoMo4fnAKbWJdqaIwhOzh8qEw==",
            "cpu": [
                "x64"
            ],
            "dev": true,
            "license": "MIT",
            "optional": true,
            "os": [
                "openbsd"
            ],
            "engines": {
                "node": ">=18"
            }
        },
        "node_modules/@esbuild/openharmony-arm64": {
            "version": "0.28.2",
            "resolved": "https://registry.npmjs.org/@esbuild/openharmony-arm64/-/openharmony-arm64-0.28.2.tgz",
            "integrity": "sha512-WkhYDmpTjLvGlScA1rwjRUmhl4k8oXR3cIbtqWmELgU/dFeHHlEllxDvdWcNJV9rbzCexB5vz8gtNewWLgCT7Q==",
            "cpu": [
                "arm64"
            ],
            "dev": true,
            "license": "MIT",
            "optional": true,
            "os": [
                "openharmony"
            ],
            "engines": {
                "node": ">=18"
            }
        },
        "node_modules/@esbuild/sunos-x64": {
            "version": "0.28.2",
            "resolved": "https://registry.npmjs.org/@esbuild/sunos-x64/-/sunos-x64-0.28.2.tgz",
            "integrity": "sha512-GPMSkTOtMnv2U2F8gxe4Io6qmVs+YKyp832Etqqxr0hFngmXQ3rzwytelm3GIn7T4VviRUlf3sOgBOiTdvaf7g==",
            "cpu": [
                "x64"
            ],
            "dev": true,
            "license": "MIT",
            "optional": true,
            "os": [
                "sunos"
            ],
            "engines": {
                "node": ">=18"
            }
        },
        "node_modules/@esbuild/win32-arm64": {
            "version": "0.28.2",
            "resolved": "https://registry.npmjs.org/@esbuild/win32-arm64/-/win32-arm64-0.28.2.tgz",
            "integrity": "sha512-PIhhEkE9uPBleRBrQEJpUn7MBnibZzbGzYWPmY3x+YoVg/95zbjB4CxPPOQ8l5tYYM4mMaCthF8/1DIfBQQyWQ==",
            "cpu": [
                "arm64"
            ],
            "dev": true,
            "license": "MIT",
            "optional": true,
            "os": [
                "win32"
            ],
            "engines": {
                "node": ">=18"
            }
        },
        "node_modules/@esbuild/win32-ia32": {
            "version": "0.28.2",
            "resolved": "https://registry.npmjs.org/@esbuild/win32-ia32/-/win32-ia32-0.28.2.tgz",
            "integrity": "sha512-YmJbfTlvU7Sdn9BB+4PRES4oB6pxgS37MAONj+hBr/cpXS1aBPKXxNnDbu+QCWPj0o9dgyxeq79g6c5P8KeuYA==",
            "cpu": [
                "ia32"
            ],
            "dev": true,
            "license": "MIT",
            "optional": true,
            "os": [
                "win32"
            ],
            "engines": {
                "node": ">=18"
            }
        },
        "node_modules/@esbuild/win32-x64": {
            "version": "0.28.2",
            "resolved": "https://registry.npmjs.org/@esbuild/win32-x64/-/win32-x64-0.28.2.tgz",
            "integrity": "sha512-5ebpxr3nWMzrL/rnUI755Jkuee0bHL/Gq0WTF9lvcpv73wAp5eu8MfBUgWK9bhWvZjj7yX8etf/8tI8Ney695g==",
            "cpu": [
                "x64"
            ],
            "dev": true,
            "license": "MIT",
            "optional": true,
            "os": [
                "win32"
            ],
            "engines": {
                "node": ">=18"
            }
        },
        "node_modules/@leichtgewicht/ip-codec": {
            "version": "2.0.5",
            "resolved": "https://registry.npmjs.org/@leichtgewicht/ip-codec/-/ip-codec-2.0.5.tgz",
            "integrity": "sha512-Vo+PSpZG2/fmgmiNzYK9qWRh8h/CHrwD0mo1h1DzL4yzHNSfWYujGTYsWGreD000gcgmZ7K4Ys6Tx9TxtsKdDw==",
            "license": "MIT"
        },
        "node_modules/@noble/hashes": {
            "version": "2.4.0",
            "resolved": "https://registry.npmjs.org/@noble/hashes/-/hashes-2.4.0.tgz",
            "integrity": "sha512-X5XaVWZIBCT7HHZGm5I7ZQXDwLG+bGXuSrMQAW+7Zvl87h1kmc1ZB1VSRJcpUfoUrGQp4Fkoxm5kZ+Ms+aW+eA==",
            "dev": true,
            "license": "MIT",
            "engines": {
                "node": ">= 20.19.0"
            },
            "funding": {
                "url": "https://paulmillr.com/funding/"
            }
        },
        "node_modules/@paralleldrive/cuid2": {
            "version": "3.3.0",
            "resolved": "https://registry.npmjs.org/@paralleldrive/cuid2/-/cuid2-3.3.0.tgz",
            "integrity": "sha512-OqiFvSOF0dBSesELYY2CAMa4YINvlLpvKOz/rv6NeZEqiyttlHgv98Juwv4Ch+GrEV7IZ8jfI2VcEoYUjXXCjw==",
            "dev": true,
            "license": "MIT",
            "dependencies": {
                "@noble/hashes": "^2.0.1",
                "bignumber.js": "^9.3.1",
                "error-causes": "^3.0.2"
            },
            "bin": {
                "cuid2": "bin/cuid2.js"
            }
        },
        "node_modules/@resvg/resvg-js": {
            "version": "2.6.2",
            "resolved": "https://registry.npmjs.org/@resvg/resvg-js/-/resvg-js-2.6.2.tgz",
            "integrity": "sha512-xBaJish5OeGmniDj9cW5PRa/PtmuVU3ziqrbr5xJj901ZDN4TosrVaNZpEiLZAxdfnhAe7uQ7QFWfjPe9d9K2Q==",
            "dev": true,
            "license": "MPL-2.0",
            "engines": {
                "node": ">= 10"
            },
            "optionalDependencies": {
                "@resvg/resvg-js-android-arm-eabi": "2.6.2",
                "@resvg/resvg-js-android-arm64": "2.6.2",
                "@resvg/resvg-js-darwin-arm64": "2.6.2",
                "@resvg/resvg-js-darwin-x64": "2.6.2",
                "@resvg/resvg-js-linux-arm-gnueabihf": "2.6.2",
                "@resvg/resvg-js-linux-arm64-gnu": "2.6.2",
                "@resvg/resvg-js-linux-arm64-musl": "2.6.2",
                "@resvg/resvg-js-linux-x64-gnu": "2.6.2",
                "@resvg/resvg-js-linux-x64-musl": "2.6.2",
                "@resvg/resvg-js-win32-arm64-msvc": "2.6.2",
                "@resvg/resvg-js-win32-ia32-msvc": "2.6.2",
                "@resvg/resvg-js-win32-x64-msvc": "2.6.2"
            }
        },
        "node_modules/@resvg/resvg-js-android-arm-eabi": {
            "version": "2.6.2",
            "resolved": "https://registry.npmjs.org/@resvg/resvg-js-android-arm-eabi/-/resvg-js-android-arm-eabi-2.6.2.tgz",
            "integrity": "sha512-FrJibrAk6v29eabIPgcTUMPXiEz8ssrAk7TXxsiZzww9UTQ1Z5KAbFJs+Z0Ez+VZTYgnE5IQJqBcoSiMebtPHA==",
            "cpu": [
                "arm"
            ],
            "dev": true,
            "license": "MPL-2.0",
            "optional": true,
            "os": [
                "android"
            ],
            "engines": {
                "node": ">= 10"
            }
        },
        "node_modules/@resvg/resvg-js-android-arm64": {
            "version": "2.6.2",
            "resolved": "https://registry.npmjs.org/@resvg/resvg-js-android-arm64/-/resvg-js-android-arm64-2.6.2.tgz",
            "integrity": "sha512-VcOKezEhm2VqzXpcIJoITuvUS/fcjIw5NA/w3tjzWyzmvoCdd+QXIqy3FBGulWdClvp4g+IfUemigrkLThSjAQ==",
            "cpu": [
                "arm64"
            ],
            "dev": true,
            "license": "MPL-2.0",
            "optional": true,
            "os": [
                "android"
            ],
            "engines": {
                "node": ">= 10"
            }
        },
        "node_modules/@resvg/resvg-js-darwin-arm64": {
            "version": "2.6.2",
            "resolved": "https://registry.npmjs.org/@resvg/resvg-js-darwin-arm64/-/resvg-js-darwin-arm64-2.6.2.tgz",
            "integrity": "sha512-nmok2LnAd6nLUKI16aEB9ydMC6Lidiiq2m1nEBDR1LaaP7FGs4AJ90qDraxX+CWlVuRlvNjyYJTNv8qFjtL9+A==",
            "cpu": [
                "arm64"
            ],
            "dev": true,
            "license": "MPL-2.0",
            "optional": true,
            "os": [
                "darwin"
            ],
            "engines": {
                "node": ">= 10"
            }
        },
        "node_modules/@resvg/resvg-js-darwin-x64": {
            "version": "2.6.2",
            "resolved": "https://registry.npmjs.org/@resvg/resvg-js-darwin-x64/-/resvg-js-darwin-x64-2.6.2.tgz",
            "integrity": "sha512-GInyZLjgWDfsVT6+SHxQVRwNzV0AuA1uqGsOAW+0th56J7Nh6bHHKXHBWzUrihxMetcFDmQMAX1tZ1fZDYSRsw==",
            "cpu": [
                "x64"
            ],
            "dev": true,
            "license": "MPL-2.0",
            "optional": true,
            "os": [
                "darwin"
            ],
            "engines": {
                "node": ">= 10"
            }
        },
        "node_modules/@resvg/resvg-js-linux-arm-gnueabihf": {
            "version": "2.6.2",
            "resolved": "https://registry.npmjs.org/@resvg/resvg-js-linux-arm-gnueabihf/-/resvg-js-linux-arm-gnueabihf-2.6.2.tgz",
            "integrity": "sha512-YIV3u/R9zJbpqTTNwTZM5/ocWetDKGsro0SWp70eGEM9eV2MerWyBRZnQIgzU3YBnSBQ1RcxRZvY/UxwESfZIw==",
            "cpu": [
                "arm"
            ],
            "dev": true,
            "license": "MPL-2.0",
            "optional": true,
            "os": [
                "linux"
            ],
            "engines": {
                "node": ">= 10"
            }
        },
        "node_modules/@resvg/resvg-js-linux-arm64-gnu": {
            "version": "2.6.2",
            "resolved": "https://registry.npmjs.org/@resvg/resvg-js-linux-arm64-gnu/-/resvg-js-linux-arm64-gnu-2.6.2.tgz",
            "integrity": "sha512-zc2BlJSim7YR4FZDQ8OUoJg5holYzdiYMeobb9pJuGDidGL9KZUv7SbiD4E8oZogtYY42UZEap7dqkkYuA91pg==",
            "cpu": [
                "arm64"
            ],
            "dev": true,
            "license": "MPL-2.0",
            "optional": true,
            "os": [
                "linux"
            ],
            "engines": {
                "node": ">= 10"
            }
        },
        "node_modules/@resvg/resvg-js-linux-arm64-musl": {
            "version": "2.6.2",
            "resolved": "https://registry.npmjs.org/@resvg/resvg-js-linux-arm64-musl/-/resvg-js-linux-arm64-musl-2.6.2.tgz",
            "integrity": "sha512-3h3dLPWNgSsD4lQBJPb4f+kvdOSJHa5PjTYVsWHxLUzH4IFTJUAnmuWpw4KqyQ3NA5QCyhw4TWgxk3jRkQxEKg==",
            "cpu": [
                "arm64"
            ],
            "dev": true,
            "license": "MPL-2.0",
            "optional": true,
            "os": [
                "linux"
            ],
            "engines": {
                "node": ">= 10"
            }
        },
        "node_modules/@resvg/resvg-js-linux-x64-gnu": {
            "version": "2.6.2",
            "resolved": "https://registry.npmjs.org/@resvg/resvg-js-linux-x64-gnu/-/resvg-js-linux-x64-gnu-2.6.2.tgz",
            "integrity": "sha512-IVUe+ckIerA7xMZ50duAZzwf1U7khQe2E0QpUxu5MBJNao5RqC0zwV/Zm965vw6D3gGFUl7j4m+oJjubBVoftw==",
            "cpu": [
                "x64"
            ],
            "dev": true,
            "license": "MPL-2.0",
            "optional": true,
            "os": [
                "linux"
            ],
            "engines": {
                "node": ">= 10"
            }
        },
        "node_modules/@resvg/resvg-js-linux-x64-musl": {
            "version": "2.6.2",
            "resolved": "https://registry.npmjs.org/@resvg/resvg-js-linux-x64-musl/-/resvg-js-linux-x64-musl-2.6.2.tgz",
            "integrity": "sha512-UOf83vqTzoYQO9SZ0fPl2ZIFtNIz/Rr/y+7X8XRX1ZnBYsQ/tTb+cj9TE+KHOdmlTFBxhYzVkP2lRByCzqi4jQ==",
            "cpu": [
                "x64"
            ],
            "dev": true,
            "license": "MPL-2.0",
            "optional": true,
            "os": [
                "linux"
            ],
            "engines": {
                "node": ">= 10"
            }
        },
        "node_modules/@resvg/resvg-js-win32-arm64-msvc": {
            "version": "2.6.2",
            "resolved": "https://registry.npmjs.org/@resvg/resvg-js-win32-arm64-msvc/-/resvg-js-win32-arm64-msvc-2.6.2.tgz",
            "integrity": "sha512-7C/RSgCa+7vqZ7qAbItfiaAWhyRSoD4l4BQAbVDqRRsRgY+S+hgS3in0Rxr7IorKUpGE69X48q6/nOAuTJQxeQ==",
            "cpu": [
                "arm64"
            ],
            "dev": true,
            "license": "MPL-2.0",
            "optional": true,
            "os": [
                "win32"
            ],
            "engines": {
                "node": ">= 10"
            }
        },
        "node_modules/@resvg/resvg-js-win32-ia32-msvc": {
            "version": "2.6.2",
            "resolved": "https://registry.npmjs.org/@resvg/resvg-js-win32-ia32-msvc/-/resvg-js-win32-ia32-msvc-2.6.2.tgz",
            "integrity": "sha512-har4aPAlvjnLcil40AC77YDIk6loMawuJwFINEM7n0pZviwMkMvjb2W5ZirsNOZY4aDbo5tLx0wNMREp5Brk+w==",
            "cpu": [
                "ia32"
            ],
            "dev": true,
            "license": "MPL-2.0",
            "optional": true,
            "os": [
                "win32"
            ],
            "engines": {
                "node": ">= 10"
            }
        },
        "node_modules/@resvg/resvg-js-win32-x64-msvc": {
            "version": "2.6.2",
            "resolved": "https://registry.npmjs.org/@resvg/resvg-js-win32-x64-msvc/-/resvg-js-win32-x64-msvc-2.6.2.tgz",
            "integrity": "sha512-ZXtYhtUr5SSaBrUDq7DiyjOFJqBVL/dOBN7N/qmi/pO0IgiWW/f/ue3nbvu9joWE5aAKDoIzy/CxsY0suwGosQ==",
            "cpu": [
                "x64"
            ],
            "dev": true,
            "license": "MPL-2.0",
            "optional": true,
            "os": [
                "win32"
            ],
            "engines": {
                "node": ">= 10"
            }
        },
        "node_modules/@types/luxon": {
            "version": "3.7.6",
            "resolved": "https://registry.npmjs.org/@types/luxon/-/luxon-3.7.6.tgz",
            "integrity": "sha512-6KSjliQAXK8ZLgFQO4B7iE4Rpf/B3rItzCFuXezBY/XIAGxOdLd7vRNK9/StRPwiS/yJsVbB7HKpW46B8tcEuQ==",
            "dev": true,
            "license": "MIT"
        },
        "node_modules/@xeonlink/prettier-plugin-organize-attributes": {
            "version": "1.1.0",
            "resolved": "https://registry.npmjs.org/@xeonlink/prettier-plugin-organize-attributes/-/prettier-plugin-organize-attributes-1.1.0.tgz",
            "integrity": "sha512-1Vmv+7zkQvPSgiBX0HsrZL4Xf6MYFinS3VE+dXeJCbF2i3BOM+nYQk1iRbcnnSTsJ+IB1IP5X5o3O4zp2ccTgg==",
            "dev": true,
            "license": "MIT",
            "dependencies": {
                "prettier": "^3.6.2"
            },
            "engines": {
                "node": ">=14.0.0"
            }
        },
        "node_modules/ansi-styles": {
            "version": "7.0.0",
            "resolved": "https://registry.npmjs.org/ansi-styles/-/ansi-styles-7.0.0.tgz",
            "integrity": "sha512-kKvt3m4uwzqL0wlkPd09CmljPJGOZZ4D0fP65sqFSvPkMRKhNi+74MgIJ5QxE6SxqB4t4KyUFGg8+n5zjo6hew==",
            "dev": true,
            "license": "MIT",
            "engines": {
                "node": ">=22"
            },
            "funding": {
                "url": "https://github.com/chalk/ansi-styles?sponsor=1"
            }
        },
        "node_modules/bignumber.js": {
            "version": "9.3.1",
            "resolved": "https://registry.npmjs.org/bignumber.js/-/bignumber.js-9.3.1.tgz",
            "integrity": "sha512-Ko0uX15oIUS7wJ3Rb30Fs6SkVbLmPBAKdlm7q9+ak9bbIeFf0MwuBsQV6z7+X768/cHsfg+WlysDWJcmthjsjQ==",
            "dev": true,
            "license": "MIT",
            "engines": {
                "node": "*"
            }
        },
        "node_modules/browser-or-node": {
            "version": "3.0.0",
            "resolved": "https://registry.npmjs.org/browser-or-node/-/browser-or-node-3.0.0.tgz",
            "integrity": "sha512-iczIdVJzGEYhP5DqQxYM9Hh7Ztpqqi+CXZpSmX8ALFs9ecXkQIeqRyM6TfxEfMVpwhl3dSuDvxdzzo9sUOIVBQ==",
            "dev": true,
            "license": "MIT"
        },
        "node_modules/css-declaration-sorter": {
            "version": "7.4.0",
            "resolved": "https://registry.npmjs.org/css-declaration-sorter/-/css-declaration-sorter-7.4.0.tgz",
            "integrity": "sha512-LTuzjPoyA2vMGKKcaOqKSp7Ub2eGrNfKiZH4LpezxpNrsICGCSFvsQOI29psISxNZtaXibkC2CXzrQ5enMeGGw==",
            "dev": true,
            "license": "ISC",
            "engines": {
                "node": "^14 || ^16 || >=18"
            },
            "peerDependencies": {
                "postcss": "^8.0.9"
            }
        },
        "node_modules/deep-eql": {
            "version": "5.0.2",
            "resolved": "https://registry.npmjs.org/deep-eql/-/deep-eql-5.0.2.tgz",
            "integrity": "sha512-h5k/5U50IJJFpzfL6nO9jaaumfjO/f2NjK/oYB2Djzm4p9L+3T9qWpZqZ2hAbLPuuYq9wrU08WQyBTL5GbPk5Q==",
            "dev": true,
            "license": "MIT",
            "engines": {
                "node": ">=6"
            }
        },
        "node_modules/deepcopy-esm": {
            "version": "2.1.2",
            "resolved": "https://registry.npmjs.org/deepcopy-esm/-/deepcopy-esm-2.1.2.tgz",
            "integrity": "sha512-iOrQr2AZDcKi5jenwiidK96Ivvn2uHqU1g25qmfs3MbgOUlXPNRbMtHDwTx+U83tD6z+PeYhZzvsPiOqVh20IA==",
            "dev": true,
            "license": "(MIT OR CC0-1.0)",
            "engines": {
                "node": ">=22"
            }
        },
        "node_modules/diff": {
            "version": "9.0.0",
            "resolved": "https://registry.npmjs.org/diff/-/diff-9.0.0.tgz",
            "integrity": "sha512-svtcdpS8CgJyqAjEQIXdb3OjhFVVYjzGAPO8WGCmRbrml64SPw/jJD4GoE98aR7r25A0XcgrK3F02yw9R/vhQw==",
            "dev": true,
            "license": "BSD-3-Clause",
            "engines": {
                "node": ">=0.3.1"
            }
        },
        "node_modules/dns-packet": {
            "version": "5.6.1",
            "resolved": "https://registry.npmjs.org/dns-packet/-/dns-packet-5.6.1.tgz",
            "integrity": "sha512-l4gcSouhcgIKRvyy99RNVOgxXiicE+2jZoNmaNmZ6JXiGajBOJAesk1OBlJuM5k2c+eudGdLxDqXuPCKIj6kpw==",
            "license": "MIT",
            "dependencies": {
                "@leichtgewicht/ip-codec": "^2.0.1"
            },
            "engines": {
                "node": ">=6"
            }
        },
        "node_modules/error-causes": {
            "version": "3.0.2",
            "resolved": "https://registry.npmjs.org/error-causes/-/error-causes-3.0.2.tgz",
            "integrity": "sha512-i0B8zq1dHL6mM85FGoxaJnVtx6LD5nL2v0hlpGdntg5FOSyzQ46c9lmz5qx0xRS2+PWHGOHcYxGIBC5Le2dRMw==",
            "dev": true,
            "license": "MIT"
        },
        "node_modules/esbuild": {
            "version": "0.28.2",
            "resolved": "https://registry.npmjs.org/esbuild/-/esbuild-0.28.2.tgz",
            "integrity": "sha512-HKVLS8dvII+xoKW9kmqxbRKrnWEXfJJr/FZhhJmiqIB0e053QNYFqOBouTMO/k5sID4MvCiUCvv8b9M4h32wIA==",
            "dev": true,
            "hasInstallScript": true,
            "license": "MIT",
            "bin": {
                "esbuild": "bin/esbuild"
            },
            "engines": {
                "node": ">=18"
            },
            "optionalDependencies": {
                "@esbuild/aix-ppc64": "0.28.2",
                "@esbuild/android-arm": "0.28.2",
                "@esbuild/android-arm64": "0.28.2",
                "@esbuild/android-x64": "0.28.2",
                "@esbuild/darwin-arm64": "0.28.2",
                "@esbuild/darwin-x64": "0.28.2",
                "@esbuild/freebsd-arm64": "0.28.2",
                "@esbuild/freebsd-x64": "0.28.2",
                "@esbuild/linux-arm": "0.28.2",
                "@esbuild/linux-arm64": "0.28.2",
                "@esbuild/linux-ia32": "0.28.2",
                "@esbuild/linux-loong64": "0.28.2",
                "@esbuild/linux-mips64el": "0.28.2",
                "@esbuild/linux-ppc64": "0.28.2",
                "@esbuild/linux-riscv64": "0.28.2",
                "@esbuild/linux-s390x": "0.28.2",
                "@esbuild/linux-x64": "0.28.2",
                "@esbuild/netbsd-arm64": "0.28.2",
                "@esbuild/netbsd-x64": "0.28.2",
                "@esbuild/openbsd-arm64": "0.28.2",
                "@esbuild/openbsd-x64": "0.28.2",
                "@esbuild/openharmony-arm64": "0.28.2",
                "@esbuild/sunos-x64": "0.28.2",
                "@esbuild/win32-arm64": "0.28.2",
                "@esbuild/win32-ia32": "0.28.2",
                "@esbuild/win32-x64": "0.28.2"
            }
        },
        "node_modules/expect-type": {
            "version": "1.4.0",
            "resolved": "https://registry.npmjs.org/expect-type/-/expect-type-1.4.0.tgz",
            "integrity": "sha512-KfYbmpRm0VbLjEvVa9yGwCi9GI34xvi7A/HXYWQO65CSD2u3MczUJSuwXKFIxlGsgBQizV9q5J9NHj4VG0n+pA==",
            "dev": true,
            "license": "Apache-2.0",
            "engines": {
                "node": ">=12.0.0"
            }
        },
        "node_modules/json5": {
            "version": "2.2.3",
            "resolved": "https://registry.npmjs.org/json5/-/json5-2.2.3.tgz",
            "integrity": "sha512-XmOWe7eyHYH14cLdVPoyg+GOH3rYX++KpzrylJwSW98t3Nk+U8XOl8FWKOgwtzdb8lXGf6zYwDUzeHMWfxasyg==",
            "dev": true,
            "license": "MIT",
            "bin": {
                "json5": "lib/cli.js"
            },
            "engines": {
                "node": ">=6"
            }
        },
        "node_modules/lucide": {
            "version": "1.48.0",
            "resolved": "https://registry.npmjs.org/lucide/-/lucide-1.48.0.tgz",
            "integrity": "sha512-8FglIlGkcIItJjJfLUiqAufUCdbtnTOsdG02/fxXd4oIt+NrcrEVH8t0ZcKAfawxHckorO5qJ9XDfnJbdf0TOg==",
            "license": "ISC"
        },
        "node_modules/luxon": {
            "version": "3.7.2",
            "resolved": "https://registry.npmjs.org/luxon/-/luxon-3.7.2.tgz",
            "integrity": "sha512-vtEhXh/gNjI9Yg1u4jX/0YVPMvxzHuGgCm6tC5kZyb08yjGWGnqAjGJvcXbqQR2P3MyMEFnRbpcdFS6PBcLqew==",
            "dev": true,
            "license": "MIT",
            "engines": {
                "node": ">=12"
            }
        },
        "node_modules/multicast-dns": {
            "version": "7.2.5",
            "resolved": "https://registry.npmjs.org/multicast-dns/-/multicast-dns-7.2.5.tgz",
            "integrity": "sha512-2eznPJP8z2BFLX50tf0LuODrpINqP1RVIm/CObbTcBRITQgmC/TjcREF1NeTBzIcR5XO/ukWo+YHOjBbFwIupg==",
            "license": "MIT",
            "dependencies": {
                "dns-packet": "^5.2.2",
                "thunky": "^1.0.2"
            },
            "bin": {
                "multicast-dns": "cli.js"
            }
        },
        "node_modules/nanoid": {
            "version": "3.3.19",
            "resolved": "https://registry.npmjs.org/nanoid/-/nanoid-3.3.19.tgz",
            "integrity": "sha512-Y2tUNy4ouw6tq5oDSKeQYGOyhkUBhNOcGV/02KC+6kd9eDGqdZd++mjMiIDilrBYvjEnCYvVtsuHCuP+okSfug==",
            "dev": true,
            "funding": [
                {
                    "type": "github",
                    "url": "https://github.com/sponsors/ai"
                }
            ],
            "license": "MIT",
            "bin": {
                "nanoid": "bin/nanoid.cjs"
            },
            "engines": {
                "node": "^10 || ^12 || ^13.7 || ^14 || >=15.0.1"
            }
        },
        "node_modules/picocolors": {
            "version": "1.1.1",
            "resolved": "https://registry.npmjs.org/picocolors/-/picocolors-1.1.1.tgz",
            "integrity": "sha512-xceH2snhtb5M9liqDsmEw56le376mTZkEX/jEb/RxNFyegNul7eNslCXP9FDj/Lcu0X8KEyMceP2ntpaHrDEVA==",
            "dev": true,
            "license": "ISC"
        },
        "node_modules/postcss": {
            "version": "8.5.28",
            "resolved": "https://registry.npmjs.org/postcss/-/postcss-8.5.28.tgz",
            "integrity": "sha512-RRuzqDtt5Y9h3quz5hWhK+TPnsmVs6WwSU6LkJMeY4HstUEDuYTG8UJSdawMRzmzAtV+KEoG8N3Qg2qLy5vM/A==",
            "dev": true,
            "funding": [
                {
                    "type": "opencollective",
                    "url": "https://opencollective.com/postcss/"
                },
                {
                    "type": "tidelift",
                    "url": "https://tidelift.com/funding/github/npm/postcss"
                },
                {
                    "type": "github",
                    "url": "https://github.com/sponsors/ai"
                }
            ],
            "license": "MIT",
            "peer": true,
            "dependencies": {
                "nanoid": "^3.3.18",
                "picocolors": "^1.1.1",
                "source-map-js": "^1.2.1"
            },
            "engines": {
                "node": "^10 || ^12 || >=14"
            }
        },
        "node_modules/postcss-less": {
            "version": "6.0.0",
            "resolved": "https://registry.npmjs.org/postcss-less/-/postcss-less-6.0.0.tgz",
            "integrity": "sha512-FPX16mQLyEjLzEuuJtxA8X3ejDLNGGEG503d2YGZR5Ask1SpDN8KmZUMpzCvyalWRywAn1n1VOA5dcqfCLo5rg==",
            "dev": true,
            "license": "MIT",
            "engines": {
                "node": ">=12"
            },
            "peerDependencies": {
                "postcss": "^8.3.5"
            }
        },
        "node_modules/postcss-scss": {
            "version": "4.0.9",
            "resolved": "https://registry.npmjs.org/postcss-scss/-/postcss-scss-4.0.9.tgz",
            "integrity": "sha512-AjKOeiwAitL/MXxQW2DliT28EKukvvbEWx3LBmJIRN8KfBGZbRTxNYW0kSqi1COiTZ57nZ9NW06S6ux//N1c9A==",
            "dev": true,
            "funding": [
                {
                    "type": "opencollective",
                    "url": "https://opencollective.com/postcss/"
                },
                {
                    "type": "tidelift",
                    "url": "https://tidelift.com/funding/github/npm/postcss-scss"
                },
                {
                    "type": "github",
                    "url": "https://github.com/sponsors/ai"
                }
            ],
            "license": "MIT",
            "engines": {
                "node": ">=12.0"
            },
            "peerDependencies": {
                "postcss": "^8.4.29"
            }
        },
        "node_modules/prettier": {
            "version": "3.9.9",
            "resolved": "https://registry.npmjs.org/prettier/-/prettier-3.9.9.tgz",
            "integrity": "sha512-Z/CJHIkdujO/OtN7nXUii0Rf3VT5SRuhjBA82Xvu2XhBUgX3nhP67T0LHceBdQLex7OOFGTox+Q5Yg8Jk2Qivg==",
            "dev": true,
            "license": "MIT",
            "peer": true,
            "bin": {
                "prettier": "bin/prettier.cjs"
            },
            "engines": {
                "node": ">=14"
            },
            "funding": {
                "url": "https://github.com/prettier/prettier?sponsor=1"
            }
        },
        "node_modules/prettier-plugin-css-order": {
            "version": "2.2.0",
            "resolved": "https://registry.npmjs.org/prettier-plugin-css-order/-/prettier-plugin-css-order-2.2.0.tgz",
            "integrity": "sha512-GCkwEgQ2roT7le+zpUFQThPDO4x5EXcZmY9Rj6rvO++I/nATTGBWdZdsooha/BlvIBbZclJzXsgJdlKWrys9+w==",
            "dev": true,
            "license": "ISC",
            "dependencies": {
                "css-declaration-sorter": "^7.3.0",
                "postcss-less": "^6.0.0",
                "postcss-scss": "^4.0.9"
            },
            "engines": {
                "node": ">=16"
            },
            "peerDependencies": {
                "prettier": "3.x"
            }
        },
        "node_modules/prettier-plugin-multiline-arrays": {
            "version": "4.1.11",
            "resolved": "https://registry.npmjs.org/prettier-plugin-multiline-arrays/-/prettier-plugin-multiline-arrays-4.1.11.tgz",
            "integrity": "sha512-HZU/1PfNrS1BruYbNGIiIyEcZ9TKAl+88vAmpqWj8d8ywW1jkxttSy4e2+5oTG4/0J+MQajydA0/MUJnivHeIw==",
            "dev": true,
            "license": "(MIT OR CC0-1.0)",
            "dependencies": {
                "@augment-vir/assert": "^32.2.1",
                "@augment-vir/common": "^32.2.1",
                "proxy-vir": "^2.0.3"
            },
            "engines": {
                "node": ">=20"
            },
            "peerDependencies": {
                "prettier": ">=3.0.0 <4.0.0"
            }
        },
        "node_modules/proxy-vir": {
            "version": "2.0.4",
            "resolved": "https://registry.npmjs.org/proxy-vir/-/proxy-vir-2.0.4.tgz",
            "integrity": "sha512-ss7IuTHbS6SeuEKcFfkVtp8kInS8HfMOb1dc/1x1aIyXp97sdQRDH781j1j3PeU5ieLR3FLUrIqF1+UjQ2oIZQ==",
            "dev": true,
            "license": "(MIT OR CC0-1.0)",
            "dependencies": {
                "@augment-vir/assert": "^32.2.1",
                "@augment-vir/common": "^32.2.1"
            },
            "engines": {
                "node": ">=22"
            }
        },
        "node_modules/source-map-js": {
            "version": "1.2.1",
            "resolved": "https://registry.npmjs.org/source-map-js/-/source-map-js-1.2.1.tgz",
            "integrity": "sha512-UXWMKhLOwVKb728IUtQPXxfYU+usdybtUrK/8uGE8CQMvrhOpwvzDBwj0QhSL7MQc7vIsISBG8VQ8+IDQxpfQA==",
            "dev": true,
            "license": "BSD-3-Clause",
            "engines": {
                "node": ">=0.10.0"
            }
        },
        "node_modules/tagged-tag": {
            "version": "1.0.0",
            "resolved": "https://registry.npmjs.org/tagged-tag/-/tagged-tag-1.0.0.tgz",
            "integrity": "sha512-yEFYrVhod+hdNyx7g5Bnkkb0G6si8HJurOoOEgC8B/O0uXLHlaey/65KRv6cuWBNhBgHKAROVpc7QyYqE5gFng==",
            "dev": true,
            "license": "MIT",
            "engines": {
                "node": ">=20"
            },
            "funding": {
                "url": "https://github.com/sponsors/sindresorhus"
            }
        },
        "node_modules/thunky": {
            "version": "1.1.0",
            "resolved": "https://registry.npmjs.org/thunky/-/thunky-1.1.0.tgz",
            "integrity": "sha512-eHY7nBftgThBqOyHGVN+l8gF0BucP09fMo0oO/Lb0w1OF80dJv+lDVpXG60WMQvkcxAkNybKsrEIE3ZtKGmPrA==",
            "license": "MIT"
        },
        "node_modules/type-fest": {
            "version": "5.10.0",
            "resolved": "https://registry.npmjs.org/type-fest/-/type-fest-5.10.0.tgz",
            "integrity": "sha512-NoSdpq/WEiAg5sjmBkmV/hfxv6HJH4NqPNrqjtSO5CwRmpsDfaf4begxW34KdJykH/l1yHtwBWQkCRdoXO8mPA==",
            "dev": true,
            "license": "(MIT OR CC0-1.0)",
            "dependencies": {
                "tagged-tag": "^1.0.0"
            },
            "engines": {
                "node": ">=20"
            },
            "funding": {
                "url": "https://github.com/sponsors/sindresorhus"
            }
        },
        "node_modules/typed-event-target": {
            "version": "4.3.4",
            "resolved": "https://registry.npmjs.org/typed-event-target/-/typed-event-target-4.3.4.tgz",
            "integrity": "sha512-ZaBVgXjCvCxlK2Ct89CF3/rgkTy6Hk5PxWMbSbmrviinx1J/YhyvuSc6Ko4SKnY3XeePffq83nCFPR9Y9Os17g==",
            "dev": true,
            "license": "(MIT OR CC0-1.0)",
            "dependencies": {
                "@augment-vir/assert": "^32.3.0",
                "@augment-vir/common": "^32.3.0"
            },
            "engines": {
                "node": ">=22"
            }
        }
    }
}
